
Microsoft Visual Studio Solution File, Format Version 12.00
# Visual Studio Version 17
VisualStudioVersion = 17.8.34322.80
MinimumVisualStudioVersion = 10.0.40219.1
Project("{FAE04EC0-301F-11D3-BF4B-00C04F79EFBC}") = "RandomizerCore.Json", "RandomizerCore.Json\RandomizerCore.Json.csproj", "{967174AD-0F7F-42B7-B53E-7FD661D92787}"
EndProject
Project("{FAE04EC0-301F-11D3-BF4B-00C04F79EFBC}") = "RandomizerCore.JsonTests", "RandomizerCore.JsonTests\RandomizerCore.JsonTests.csproj", "{CC435092-6075-44C7-A677-1A24FF5AEC67}"
EndProject
Global
	GlobalSection(SolutionConfigurationPlatforms) = preSolution
		Debug|Any CPU = Debug|Any CPU
		Release|Any CPU = Release|Any CPU
	EndGlobalSection
	GlobalSection(ProjectConfigurationPlatforms) = postSolution
		{967174AD-0F7F-42B7-B53E-7FD661D92787}.Debug|Any CPU.ActiveCfg = Debug|Any CPU
		{967174AD-0F7F-42B7-B53E-7FD661D92787}.Debug|Any CPU.Build.0 = Debug|Any CPU
		{967174AD-0F7F-42B7-B53E-7FD661D92787}.Release|Any CPU.ActiveCfg = Release|Any CPU
		{967174AD-0F7F-42B7-B53E-7FD661D92787}.Release|Any CPU.Build.0 = Release|Any CPU
		{CC435092-6075-44C7-A677-1A24FF5AEC67}.Debug|Any CPU.ActiveCfg = Debug|Any CPU
		{CC435092-6075-44C7-A677-1A24FF5AEC67}.Debug|Any CPU.Build.0 = Debug|Any CPU
		{CC435092-6075-44C7-A677-1A24FF5AEC67}.Release|Any CPU.ActiveCfg = Release|Any CPU
		{CC435092-6075-44C7-A677-1A24FF5AEC67}.Release|Any CPU.Build.0 = Release|Any CPU
	EndGlobalSection
	GlobalSection(SolutionProperties) = preSolution
		HideSolutionNode = FALSE
	EndGlobalSection
	GlobalSection(ExtensibilityGlobals) = postSolution
		SolutionGuid = {08359971-189D-43C9-88E6-9F244719FD98}
	EndGlobalSection
EndGlobal
